
Microsoft Visual Studio Solution File, Format Version 12.00
# Visual Studio 2013
VisualStudioVersion = 12.0.40629.0
MinimumVisualStudioVersion = 10.0.40219.1
Project("{8BC9CEB8-8B4A-11D0-8D11-00A0C91BC942}") = "orbslam2_s", "orbslam2_s\orbslam2_s.vcxproj", "{09537363-A6CD-4A3C-8C59-D44076BACD7A}"
EndProject
Global
	GlobalSection(SolutionConfigurationPlatforms) = preSolution
		Debug|Win32 = Debug|Win32
		Release|Win32 = Release|Win32
	EndGlobalSection
	GlobalSection(ProjectConfigurationPlatforms) = postSolution
		{09537363-A6CD-4A3C-8C59-D44076BACD7A}.Debug|Win32.ActiveCfg = Debug|Win32
		{09537363-A6CD-4A3C-8C59-D44076BACD7A}.Debug|Win32.Build.0 = Debug|Win32
		{09537363-A6CD-4A3C-8C59-D44076BACD7A}.Release|Win32.ActiveCfg = Release|Win32
		{09537363-A6CD-4A3C-8C59-D44076BACD7A}.Release|Win32.Build.0 = Release|Win32
	EndGlobalSection
	GlobalSection(SolutionProperties) = preSolution
		HideSolutionNode = FALSE
	EndGlobalSection
	GlobalSection(Performance) = preSolution
		HasPerformanceSessions = true
	EndGlobalSection
EndGlobal
